# THIS IS AN AUTOGENERATED FILE. DO NOT EDIT THIS FILE DIRECTLY.
# yarn lockfile v1


"@apidevtools/json-schema-ref-parser@9.0.9":
  version "9.0.9"
  resolved "https://registry.yarnpkg.com/@apidevtools/json-schema-ref-parser/-/json-schema-ref-parser-9.0.9.tgz#d720f9256e3609621280584f2b47ae165359268b"
  integrity sha512-GBD2Le9w2+lVFoc4vswGI/TjkNIZSVp7+9xPf+X3uidBfWnAeUWmquteSyt0+VCrhNMWj/FTABISQrD3Z/YA+w==
  dependencies:
    "@jsdevtools/ono" "^7.1.3"
    "@types/json-schema" "^7.0.6"
    call-me-maybe "^1.0.1"
    js-yaml "^4.1.0"

"@jsdevtools/ono@^7.1.3":
  version "7.1.3"
  resolved "https://registry.yarnpkg.com/@jsdevtools/ono/-/ono-7.1.3.tgz#9df03bbd7c696a5c58885c34aa06da41c8543796"
  integrity sha512-4JQNk+3mVzK3xh2rqd6RB4J46qUR19azEHBneZyTZM+c456qOrbbM/5xcR8huNCCcbVt7+UmizG6GuUvPvKUYg==

"@types/json-schema@^7.0.6":
  version "7.0.11"
  resolved "https://registry.yarnpkg.com/@types/json-schema/-/json-schema-7.0.11.tgz#d421b6c527a3037f7c84433fd2c4229e016863d3"
  integrity sha512-wOuvG1SN4Us4rez+tylwwwCV1psiNVOkJeM3AUWUNWg/jDQY2+HE/444y5gc+jBmRqASOm2Oeh5c1axHobwRKQ==

argparse@^2.0.1:
  version "2.0.1"
  resolved "https://registry.yarnpkg.com/argparse/-/argparse-2.0.1.tgz#246f50f3ca78a3240f6c997e8a9bd1eac49e4b38"
  integrity sha512-8+9WqebbFzpX9OR+Wa6O29asIogeRMzcGtAINdpMHHyAg10f05aSFVBbcEqGf/PXw1EjAZ+q2/bEBg3DvurK3Q==

call-me-maybe@^1.0.1:
  version "1.0.1"
  resolved "https://registry.yarnpkg.com/call-me-maybe/-/call-me-maybe-1.0.1.tgz#26d208ea89e37b5cbde60250a15f031c16a4d66b"
  integrity sha1-JtII6onje1y95gJQoV8DHBak1ms=

camelcase@^6.3.0:
  version "6.3.0"
  resolved "https://registry.yarnpkg.com/camelcase/-/camelcase-6.3.0.tgz#5685b95eb209ac9c0c177467778c9c84df58ba9a"
  integrity sha512-Gmy6FhYlCY7uOElZUSbxo2UCDH8owEk996gkbrpsgGtrJLM3J7jGxl9Ic7Qwwj4ivOE5AWZWRMecDdF7hqGjFA==

commander@^9.2.0:
  version "9.2.0"
  resolved "https://registry.yarnpkg.com/commander/-/commander-9.2.0.tgz#6e21014b2ed90d8b7c9647230d8b7a94a4a419a9"
  integrity sha512-e2i4wANQiSXgnrBlIatyHtP1odfUp0BbV5Y5nEGbxtIrStkEOAAzCUirvLBNXHLr7kwLvJl6V+4V3XV9x7Wd9w==

handlebars@^4.7.7:
  version "4.7.7"
  resolved "https://registry.yarnpkg.com/handlebars/-/handlebars-4.7.7.tgz#9ce33416aad02dbd6c8fafa8240d5d98004945a1"
  integrity sha512-aAcXm5OAfE/8IXkcZvCepKU3VzW1/39Fb5ZuqMtgI/hT8X2YgoMvBY5dLhq/cpOvw7Lk1nK/UF71aLG/ZnVYRA==
  dependencies:
    minimist "^1.2.5"
    neo-async "^2.6.0"
    source-map "^0.6.1"
    wordwrap "^1.0.0"
  optionalDependencies:
    uglify-js "^3.1.4"

js-yaml@^4.1.0:
  version "4.1.0"
  resolved "https://registry.yarnpkg.com/js-yaml/-/js-yaml-4.1.0.tgz#c1fb65f8f5017901cdd2c951864ba18458a10602"
  integrity sha512-wpxZs9NoxZaJESJGIZTyDEaYpl0FKSA+FB9aJiyemKhMwkxQg63h4T1KJgUGHpTqPDNRcmmYLugrRjJlBtWvRA==
  dependencies:
    argparse "^2.0.1"

json-schema-ref-parser@^9.0.9:
  version "9.0.9"
  resolved "https://registry.yarnpkg.com/json-schema-ref-parser/-/json-schema-ref-parser-9.0.9.tgz#66ea538e7450b12af342fa3d5b8458bc1e1e013f"
  integrity sha512-qcP2lmGy+JUoQJ4DOQeLaZDqH9qSkeGCK3suKWxJXS82dg728Mn3j97azDMaOUmJAN4uCq91LdPx4K7E8F1a7Q==
  dependencies:
    "@apidevtools/json-schema-ref-parser" "9.0.9"

minimist@^1.2.5:
  version "1.2.6"
  resolved "https://registry.yarnpkg.com/minimist/-/minimist-1.2.6.tgz#8637a5b759ea0d6e98702cfb3a9283323c93af44"
  integrity sha512-Jsjnk4bw3YJqYzbdyBiNsPWHPfO++UGG749Cxs6peCu5Xg4nrena6OVxOYxrQTqww0Jmwt+Ref8rggumkTLz9Q==

neo-async@^2.6.0:
  version "2.6.2"
  resolved "https://registry.yarnpkg.com/neo-async/-/neo-async-2.6.2.tgz#b4aafb93e3aeb2d8174ca53cf163ab7d7308305f"
  integrity sha512-Yd3UES5mWCSqR+qNT93S3UoYUkqAZ9lLg8a7g9rimsWmYGK8cVToA4/sF3RrshdyV3sAGMXVUmpMYOw+dLpOuw==

openapi-typescript-codegen@^0.22.0:
  version "0.22.0"
  resolved "https://registry.yarnpkg.com/openapi-typescript-codegen/-/openapi-typescript-codegen-0.22.0.tgz#e0784411dd13ac11b85ba07d92e0ef6c0d12071b"
  integrity sha512-VAFirKUieSgpgvOdai3KrzIs2QiUfqLHGSZ3fgoc9Ary6ll82uAgeGrtGUmSvQB4tm9EFvIEgCDwsL8VnU094Q==
  dependencies:
    camelcase "^6.3.0"
    commander "^9.2.0"
    handlebars "^4.7.7"
    json-schema-ref-parser "^9.0.9"

prettier@^2.6.2:
  version "2.6.2"
  resolved "https://registry.yarnpkg.com/prettier/-/prettier-2.6.2.tgz#e26d71a18a74c3d0f0597f55f01fb6c06c206032"
  integrity sha512-PkUpF+qoXTqhOeWL9fu7As8LXsIUZ1WYaJiY/a7McAQzxjk82OF0tibkFXVCDImZtWxbvojFjerkiLb0/q8mew==

source-map@^0.6.1:
  version "0.6.1"
  resolved "https://registry.yarnpkg.com/source-map/-/source-map-0.6.1.tgz#74722af32e9614e9c287a8d0bbde48b5e2f1a263"
  integrity sha512-UjgapumWlbMhkBgzT7Ykc5YXUT46F0iKu8SGXq0bcwP5dz/h0Plj6enJqjz1Zbq2l5WaqYnrVbwWOWMyF3F47g==

uglify-js@^3.1.4:
  version "3.15.4"
  resolved "https://registry.yarnpkg.com/uglify-js/-/uglify-js-3.15.4.tgz#fa95c257e88f85614915b906204b9623d4fa340d"
  integrity sha512-vMOPGDuvXecPs34V74qDKk4iJ/SN4vL3Ow/23ixafENYvtrNvtbcgUeugTcUGRGsOF/5fU8/NYSL5Hyb3l1OJA==

wordwrap@^1.0.0:
  version "1.0.0"
  resolved "https://registry.yarnpkg.com/wordwrap/-/wordwrap-1.0.0.tgz#27584810891456a4171c8d0226441ade90cbcaeb"
  integrity sha1-J1hIEIkUVqQXHI0CJkQa3pDLyus=
